
Microsoft Visual Studio Solution File, Format Version 12.00
# Visual Studio 15
VisualStudioVersion = 15.0.28307.168
MinimumVisualStudioVersion = 10.0.40219.1
Project("{8BC9CEB8-8B4A-11D0-8D11-00A0C91BC942}") = "foo_ncm", "foo_ncm\foo_ncm.vcxproj", "{3DACB1DE-BE82-4561-9A44-0DDD65366EB4}"
EndProject
Project("{8BC9CEB8-8B4A-11D0-8D11-00A0C91BC942}") = "pfc", "lib\pfc\pfc.vcxproj", "{EBFFFB4E-261D-44D3-B89C-957B31A0BF9C}"
EndProject
Project("{8BC9CEB8-8B4A-11D0-8D11-00A0C91BC942}") = "foobar2000_component_client", "lib\foobar2000\foobar2000_component_client\foobar2000_component_client.vcxproj", "{71AD2674-065B-48F5-B8B0-E1F9D3892081}"
EndProject
Project("{8BC9CEB8-8B4A-11D0-8D11-00A0C91BC942}") = "foobar2000_SDK", "lib\foobar2000\SDK\foobar2000_SDK.vcxproj", "{E8091321-D79D-4575-86EF-064EA1A4A20D}"
EndProject
Global
	GlobalSection(SolutionConfigurationPlatforms) = preSolution
		Debug FB2K|x64 = Debug FB2K|x64
		Debug FB2K|x86 = Debug FB2K|x86
		Debug|x64 = Debug|x64
		Debug|x86 = Debug|x86
		Release FB2K|x64 = Release FB2K|x64
		Release FB2K|x86 = Release FB2K|x86
		Release|x64 = Release|x64
		Release|x86 = Release|x86
	EndGlobalSection
	GlobalSection(ProjectConfigurationPlatforms) = postSolution
		{3DACB1DE-BE82-4561-9A44-0DDD65366EB4}.Debug FB2K|x64.ActiveCfg = Debug|x64
		{3DACB1DE-BE82-4561-9A44-0DDD65366EB4}.Debug FB2K|x64.Build.0 = Debug|x64
		{3DACB1DE-BE82-4561-9A44-0DDD65366EB4}.Debug FB2K|x86.ActiveCfg = Debug|Win32
		{3DACB1DE-BE82-4561-9A44-0DDD65366EB4}.Debug FB2K|x86.Build.0 = Debug|Win32
		{3DACB1DE-BE82-4561-9A44-0DDD65366EB4}.Debug|x64.ActiveCfg = Debug|x64
		{3DACB1DE-BE82-4561-9A44-0DDD65366EB4}.Debug|x64.Build.0 = Debug|x64
		{3DACB1DE-BE82-4561-9A44-0DDD65366EB4}.Debug|x86.ActiveCfg = Debug|Win32
		{3DACB1DE-BE82-4561-9A44-0DDD65366EB4}.Debug|x86.Build.0 = Debug|Win32
		{3DACB1DE-BE82-4561-9A44-0DDD65366EB4}.Release FB2K|x64.ActiveCfg = Release|x64
		{3DACB1DE-BE82-4561-9A44-0DDD65366EB4}.Release FB2K|x64.Build.0 = Release|x64
		{3DACB1DE-BE82-4561-9A44-0DDD65366EB4}.Release FB2K|x86.ActiveCfg = Release|Win32
		{3DACB1DE-BE82-4561-9A44-0DDD65366EB4}.Release FB2K|x86.Build.0 = Release|Win32
		{3DACB1DE-BE82-4561-9A44-0DDD65366EB4}.Release|x64.ActiveCfg = Release|x64
		{3DACB1DE-BE82-4561-9A44-0DDD65366EB4}.Release|x64.Build.0 = Release|x64
		{3DACB1DE-BE82-4561-9A44-0DDD65366EB4}.Release|x86.ActiveCfg = Release|Win32
		{3DACB1DE-BE82-4561-9A44-0DDD65366EB4}.Release|x86.Build.0 = Release|Win32
		{EBFFFB4E-261D-44D3-B89C-957B31A0BF9C}.Debug FB2K|x64.ActiveCfg = Debug FB2K|x64
		{EBFFFB4E-261D-44D3-B89C-957B31A0BF9C}.Debug FB2K|x64.Build.0 = Debug FB2K|x64
		{EBFFFB4E-261D-44D3-B89C-957B31A0BF9C}.Debug FB2K|x86.ActiveCfg = Debug FB2K|Win32
		{EBFFFB4E-261D-44D3-B89C-957B31A0BF9C}.Debug FB2K|x86.Build.0 = Debug FB2K|Win32
		{EBFFFB4E-261D-44D3-B89C-957B31A0BF9C}.Debug|x64.ActiveCfg = Debug|x64
		{EBFFFB4E-261D-44D3-B89C-957B31A0BF9C}.Debug|x64.Build.0 = Debug|x64
		{EBFFFB4E-261D-44D3-B89C-957B31A0BF9C}.Debug|x86.ActiveCfg = Debug FB2K|Win32
		{EBFFFB4E-261D-44D3-B89C-957B31A0BF9C}.Debug|x86.Build.0 = Debug FB2K|Win32
		{EBFFFB4E-261D-44D3-B89C-957B31A0BF9C}.Release FB2K|x64.ActiveCfg = Release FB2K|x64
		{EBFFFB4E-261D-44D3-B89C-957B31A0BF9C}.Release FB2K|x64.Build.0 = Release FB2K|x64
		{EBFFFB4E-261D-44D3-B89C-957B31A0BF9C}.Release FB2K|x86.ActiveCfg = Release FB2K|Win32
		{EBFFFB4E-261D-44D3-B89C-957B31A0BF9C}.Release FB2K|x86.Build.0 = Release FB2K|Win32
		{EBFFFB4E-261D-44D3-B89C-957B31A0BF9C}.Release|x64.ActiveCfg = Release|x64
		{EBFFFB4E-261D-44D3-B89C-957B31A0BF9C}.Release|x64.Build.0 = Release|x64
		{EBFFFB4E-261D-44D3-B89C-957B31A0BF9C}.Release|x86.ActiveCfg = Release FB2K|Win32
		{EBFFFB4E-261D-44D3-B89C-957B31A0BF9C}.Release|x86.Build.0 = Release FB2K|Win32
		{71AD2674-065B-48F5-B8B0-E1F9D3892081}.Debug FB2K|x64.ActiveCfg = Release|Win32
		{71AD2674-065B-48F5-B8B0-E1F9D3892081}.Debug FB2K|x64.Build.0 = Release|Win32
		{71AD2674-065B-48F5-B8B0-E1F9D3892081}.Debug FB2K|x86.ActiveCfg = Debug|Win32
		{71AD2674-065B-48F5-B8B0-E1F9D3892081}.Debug FB2K|x86.Build.0 = Debug|Win32
		{71AD2674-065B-48F5-B8B0-E1F9D3892081}.Debug|x64.ActiveCfg = Debug|Win32
		{71AD2674-065B-48F5-B8B0-E1F9D3892081}.Debug|x86.ActiveCfg = Debug|Win32
		{71AD2674-065B-48F5-B8B0-E1F9D3892081}.Debug|x86.Build.0 = Debug|Win32
		{71AD2674-065B-48F5-B8B0-E1F9D3892081}.Release FB2K|x64.ActiveCfg = Release|Win32
		{71AD2674-065B-48F5-B8B0-E1F9D3892081}.Release FB2K|x64.Build.0 = Release|Win32
		{71AD2674-065B-48F5-B8B0-E1F9D3892081}.Release FB2K|x86.ActiveCfg = Release|Win32
		{71AD2674-065B-48F5-B8B0-E1F9D3892081}.Release FB2K|x86.Build.0 = Release|Win32
		{71AD2674-065B-48F5-B8B0-E1F9D3892081}.Release|x64.ActiveCfg = Release|Win32
		{71AD2674-065B-48F5-B8B0-E1F9D3892081}.Release|x86.ActiveCfg = Release|Win32
		{71AD2674-065B-48F5-B8B0-E1F9D3892081}.Release|x86.Build.0 = Release|Win32
		{E8091321-D79D-4575-86EF-064EA1A4A20D}.Debug FB2K|x64.ActiveCfg = Release|Win32
		{E8091321-D79D-4575-86EF-064EA1A4A20D}.Debug FB2K|x64.Build.0 = Release|Win32
		{E8091321-D79D-4575-86EF-064EA1A4A20D}.Debug FB2K|x86.ActiveCfg = Debug|Win32
		{E8091321-D79D-4575-86EF-064EA1A4A20D}.Debug FB2K|x86.Build.0 = Debug|Win32
		{E8091321-D79D-4575-86EF-064EA1A4A20D}.Debug|x64.ActiveCfg = Debug|Win32
		{E8091321-D79D-4575-86EF-064EA1A4A20D}.Debug|x86.ActiveCfg = Debug|Win32
		{E8091321-D79D-4575-86EF-064EA1A4A20D}.Debug|x86.Build.0 = Debug|Win32
		{E8091321-D79D-4575-86EF-064EA1A4A20D}.Release FB2K|x64.ActiveCfg = Release|Win32
		{E8091321-D79D-4575-86EF-064EA1A4A20D}.Release FB2K|x64.Build.0 = Release|Win32
		{E8091321-D79D-4575-86EF-064EA1A4A20D}.Release FB2K|x86.ActiveCfg = Release|Win32
		{E8091321-D79D-4575-86EF-064EA1A4A20D}.Release FB2K|x86.Build.0 = Release|Win32
		{E8091321-D79D-4575-86EF-064EA1A4A20D}.Release|x64.ActiveCfg = Release|Win32
		{E8091321-D79D-4575-86EF-064EA1A4A20D}.Release|x86.ActiveCfg = Release|Win32
		{E8091321-D79D-4575-86EF-064EA1A4A20D}.Release|x86.Build.0 = Release|Win32
	EndGlobalSection
	GlobalSection(SolutionProperties) = preSolution
		HideSolutionNode = FALSE
	EndGlobalSection
	GlobalSection(ExtensibilityGlobals) = postSolution
		SolutionGuid = {E5A8D752-E114-48CE-A539-235F7D5E3857}
	EndGlobalSection
EndGlobal
