// !$*UTF8*$!
{
	archiveVersion = 1;
	classes = {
	};
	objectVersion = 63;
	objects = {

/* Begin PBXBuildFile section */
		A3B738312BCCCF1A00DF7424 /* libpfc-Mac.a in Frameworks */ = {isa = PBXBuildFile; fileRef = A3B738302BCCCF1A00DF7424 /* libpfc-Mac.a */; };
		A3B738742BCE313B00DF7424 /* libfoobar2000_component_client.a in Frameworks */ = {isa = PBXBuildFile; fileRef = A3B738732BCE313B00DF7424 /* libfoobar2000_component_client.a */; };
		A3B738762BCE313B00DF7424 /* libfoobar2000_SDK.a in Frameworks */ = {isa = PBXBuildFile; fileRef = A3B738752BCE313B00DF7424 /* libfoobar2000_SDK.a */; };
		A3B738972BCE497400DF7424 /* abnormal_RC4.cpp in Sources */ = {isa = PBXBuildFile; fileRef = A3B738772BCE497400DF7424 /* abnormal_RC4.cpp */; };
		A3B7389F2BCE497400DF7424 /* album_art_extractor.cpp in Sources */ = {isa = PBXBuildFile; fileRef = A3B7388C2BCE497400DF7424 /* album_art_extractor.cpp */; };
		A3B738A12BCE497400DF7424 /* input_ncm.cpp in Sources */ = {isa = PBXBuildFile; fileRef = A3B7388F2BCE497400DF7424 /* input_ncm.cpp */; };
		A3B738A22BCE497400DF7424 /* main.cpp in Sources */ = {isa = PBXBuildFile; fileRef = A3B738912BCE497400DF7424 /* main.cpp */; };
		A3B738A32BCE497400DF7424 /* ncm_file.cpp in Sources */ = {isa = PBXBuildFile; fileRef = A3B738922BCE497400DF7424 /* ncm_file.cpp */; };
		A3B738A42BCE497400DF7424 /* stdafx.cpp in Sources */ = {isa = PBXBuildFile; fileRef = A3B738942BCE497400DF7424 /* stdafx.cpp */; };
		A3B738AF2BD2279100DF7424 /* libfoobar2000_SDK_helpers.a in Frameworks */ = {isa = PBXBuildFile; fileRef = A3B738AE2BD2279100DF7424 /* libfoobar2000_SDK_helpers.a */; };
		A3B738B22BD22E9600DF7424 /* Cocoa.framework in Frameworks */ = {isa = PBXBuildFile; fileRef = A3B738AC2BD226CE00DF7424 /* Cocoa.framework */; };
		A3B738B32BD2632D00DF7424 /* aes_macos.cpp in Sources */ = {isa = PBXBuildFile; fileRef = A3B738AB2BD1B31300DF7424 /* aes_macos.cpp */; };
		A3B738B42BD2632D00DF7424 /* aes_common.cpp in Sources */ = {isa = PBXBuildFile; fileRef = A3B738A92BCFDDC800DF7424 /* aes_common.cpp */; };
		A3B738B52BD2634E00DF7424 /* libshared.a in Frameworks */ = {isa = PBXBuildFile; fileRef = A3B738B02BD22E7300DF7424 /* libshared.a */; };
		A3B738B82BD2F35800DF7424 /* foo_input_ncm.component in CopyFiles */ = {isa = PBXBuildFile; fileRef = A3B7380C2BCCBC6700DF7424 /* foo_input_ncm.component */; settings = {ATTRIBUTES = (CodeSignOnCopy, ); }; };
/* End PBXBuildFile section */

/* Begin PBXCopyFilesBuildPhase section */
		A3B738B72BD2F32700DF7424 /* CopyFiles */ = {
			isa = PBXCopyFilesBuildPhase;
			buildActionMask = 2147483647;
			dstPath = "${PROJECT_DIR}/dist/mac";
			dstSubfolderSpec = 0;
			files = (
				A3B738B82BD2F35800DF7424 /* foo_input_ncm.component in CopyFiles */,
			);
			runOnlyForDeploymentPostprocessing = 0;
		};
/* End PBXCopyFilesBuildPhase section */

/* Begin PBXFileReference section */
		A3B7380C2BCCBC6700DF7424 /* foo_input_ncm.component */ = {isa = PBXFileReference; explicitFileType = wrapper.cfbundle; includeInIndex = 0; path = foo_input_ncm.component; sourceTree = BUILT_PRODUCTS_DIR; };
		A3B738302BCCCF1A00DF7424 /* libpfc-Mac.a */ = {isa = PBXFileReference; explicitFileType = archive.ar; path = "libpfc-Mac.a"; sourceTree = BUILT_PRODUCTS_DIR; };
		A3B738732BCE313B00DF7424 /* libfoobar2000_component_client.a */ = {isa = PBXFileReference; explicitFileType = archive.ar; path = libfoobar2000_component_client.a; sourceTree = BUILT_PRODUCTS_DIR; };
		A3B738752BCE313B00DF7424 /* libfoobar2000_SDK.a */ = {isa = PBXFileReference; explicitFileType = archive.ar; path = libfoobar2000_SDK.a; sourceTree = BUILT_PRODUCTS_DIR; };
		A3B738772BCE497400DF7424 /* abnormal_RC4.cpp */ = {isa = PBXFileReference; fileEncoding = 4; lastKnownFileType = sourcecode.cpp.cpp; path = abnormal_RC4.cpp; sourceTree = "<group>"; };
		A3B738782BCE497400DF7424 /* abnormal_RC4.hpp */ = {isa = PBXFileReference; fileEncoding = 4; lastKnownFileType = sourcecode.cpp.h; path = abnormal_RC4.hpp; sourceTree = "<group>"; };
		A3B738792BCE497400DF7424 /* aes_win32.hpp */ = {isa = PBXFileReference; fileEncoding = 4; lastKnownFileType = sourcecode.cpp.h; path = aes_win32.hpp; sourceTree = "<group>"; };
		A3B7387C2BCE497400DF7424 /* cipher.h */ = {isa = PBXFileReference; fileEncoding = 4; lastKnownFileType = sourcecode.c.h; path = cipher.h; sourceTree = "<group>"; };
		A3B7387D2BCE497400DF7424 /* exception.hpp */ = {isa = PBXFileReference; fileEncoding = 4; lastKnownFileType = sourcecode.cpp.h; path = exception.hpp; sourceTree = "<group>"; };
		A3B7387F2BCE497400DF7424 /* consts.hpp */ = {isa = PBXFileReference; fileEncoding = 4; lastKnownFileType = sourcecode.cpp.h; path = consts.hpp; sourceTree = "<group>"; };
		A3B738802BCE497400DF7424 /* helpers.hpp */ = {isa = PBXFileReference; fileEncoding = 4; lastKnownFileType = sourcecode.cpp.h; path = helpers.hpp; sourceTree = "<group>"; };
		A3B738812BCE497400DF7424 /* platform.hpp */ = {isa = PBXFileReference; fileEncoding = 4; lastKnownFileType = sourcecode.cpp.h; path = platform.hpp; sourceTree = "<group>"; };
		A3B7388C2BCE497400DF7424 /* album_art_extractor.cpp */ = {isa = PBXFileReference; fileEncoding = 4; lastKnownFileType = sourcecode.cpp.cpp; path = album_art_extractor.cpp; sourceTree = "<group>"; };
		A3B7388D2BCE497400DF7424 /* album_art_extractor.hpp */ = {isa = PBXFileReference; fileEncoding = 4; lastKnownFileType = sourcecode.cpp.h; path = album_art_extractor.hpp; sourceTree = "<group>"; };
		A3B7388F2BCE497400DF7424 /* input_ncm.cpp */ = {isa = PBXFileReference; fileEncoding = 4; lastKnownFileType = sourcecode.cpp.cpp; path = input_ncm.cpp; sourceTree = "<group>"; };
		A3B738902BCE497400DF7424 /* input_ncm.hpp */ = {isa = PBXFileReference; fileEncoding = 4; lastKnownFileType = sourcecode.cpp.h; path = input_ncm.hpp; sourceTree = "<group>"; };
		A3B738912BCE497400DF7424 /* main.cpp */ = {isa = PBXFileReference; fileEncoding = 4; lastKnownFileType = sourcecode.cpp.cpp; path = main.cpp; sourceTree = "<group>"; };
		A3B738922BCE497400DF7424 /* ncm_file.cpp */ = {isa = PBXFileReference; fileEncoding = 4; lastKnownFileType = sourcecode.cpp.cpp; path = ncm_file.cpp; sourceTree = "<group>"; };
		A3B738932BCE497400DF7424 /* ncm_file.hpp */ = {isa = PBXFileReference; fileEncoding = 4; lastKnownFileType = sourcecode.cpp.h; path = ncm_file.hpp; sourceTree = "<group>"; };
		A3B738942BCE497400DF7424 /* stdafx.cpp */ = {isa = PBXFileReference; fileEncoding = 4; lastKnownFileType = sourcecode.cpp.cpp; path = stdafx.cpp; sourceTree = "<group>"; };
		A3B738952BCE497400DF7424 /* stdafx.h */ = {isa = PBXFileReference; fileEncoding = 4; lastKnownFileType = sourcecode.c.h; path = stdafx.h; sourceTree = "<group>"; };
		A3B738A52BCFA9AA00DF7424 /* aes.hpp */ = {isa = PBXFileReference; lastKnownFileType = sourcecode.cpp.h; path = aes.hpp; sourceTree = "<group>"; };
		A3B738A62BCFA9AA00DF7424 /* utils.hpp */ = {isa = PBXFileReference; lastKnownFileType = sourcecode.cpp.h; path = utils.hpp; sourceTree = "<group>"; };
		A3B738A72BCFA9AA00DF7424 /* aes_win32.cpp */ = {isa = PBXFileReference; lastKnownFileType = sourcecode.cpp.cpp; path = aes_win32.cpp; sourceTree = "<group>"; };
		A3B738A82BCFA9AA00DF7424 /* aes_macos.hpp */ = {isa = PBXFileReference; lastKnownFileType = sourcecode.cpp.h; path = aes_macos.hpp; sourceTree = "<group>"; };
		A3B738A92BCFDDC800DF7424 /* aes_common.cpp */ = {isa = PBXFileReference; lastKnownFileType = sourcecode.cpp.cpp; path = aes_common.cpp; sourceTree = "<group>"; };
		A3B738AA2BCFDDC800DF7424 /* aes_common.hpp */ = {isa = PBXFileReference; lastKnownFileType = sourcecode.cpp.h; path = aes_common.hpp; sourceTree = "<group>"; };
		A3B738AB2BD1B31300DF7424 /* aes_macos.cpp */ = {isa = PBXFileReference; lastKnownFileType = sourcecode.cpp.cpp; path = aes_macos.cpp; sourceTree = "<group>"; };
		A3B738AC2BD226CE00DF7424 /* Cocoa.framework */ = {isa = PBXFileReference; lastKnownFileType = wrapper.framework; name = Cocoa.framework; path = System/Library/Frameworks/Cocoa.framework; sourceTree = SDKROOT; };
		A3B738AE2BD2279100DF7424 /* libfoobar2000_SDK_helpers.a */ = {isa = PBXFileReference; explicitFileType = archive.ar; path = libfoobar2000_SDK_helpers.a; sourceTree = BUILT_PRODUCTS_DIR; };
		A3B738B02BD22E7300DF7424 /* libshared.a */ = {isa = PBXFileReference; explicitFileType = archive.ar; path = libshared.a; sourceTree = BUILT_PRODUCTS_DIR; };
/* End PBXFileReference section */

/* Begin PBXFrameworksBuildPhase section */
		A3B738092BCCBC6700DF7424 /* Frameworks */ = {
			isa = PBXFrameworksBuildPhase;
			buildActionMask = 2147483647;
			files = (
				A3B738B52BD2634E00DF7424 /* libshared.a in Frameworks */,
				A3B738742BCE313B00DF7424 /* libfoobar2000_component_client.a in Frameworks */,
				A3B738762BCE313B00DF7424 /* libfoobar2000_SDK.a in Frameworks */,
				A3B738B22BD22E9600DF7424 /* Cocoa.framework in Frameworks */,
				A3B738AF2BD2279100DF7424 /* libfoobar2000_SDK_helpers.a in Frameworks */,
				A3B738312BCCCF1A00DF7424 /* libpfc-Mac.a in Frameworks */,
			);
			runOnlyForDeploymentPostprocessing = 0;
		};
/* End PBXFrameworksBuildPhase section */

/* Begin PBXGroup section */
		A3B738032BCCBC6700DF7424 = {
			isa = PBXGroup;
			children = (
				A3B738962BCE497400DF7424 /* src */,
				A3B7380D2BCCBC6700DF7424 /* Products */,
				A3B738292BCCCF1A00DF7424 /* Frameworks */,
			);
			sourceTree = "<group>";
		};
		A3B7380D2BCCBC6700DF7424 /* Products */ = {
			isa = PBXGroup;
			children = (
				A3B7380C2BCCBC6700DF7424 /* foo_input_ncm.component */,
			);
			name = Products;
			sourceTree = "<group>";
		};
		A3B738292BCCCF1A00DF7424 /* Frameworks */ = {
			isa = PBXGroup;
			children = (
				A3B738B02BD22E7300DF7424 /* libshared.a */,
				A3B738AE2BD2279100DF7424 /* libfoobar2000_SDK_helpers.a */,
				A3B738AC2BD226CE00DF7424 /* Cocoa.framework */,
				A3B738732BCE313B00DF7424 /* libfoobar2000_component_client.a */,
				A3B738752BCE313B00DF7424 /* libfoobar2000_SDK.a */,
				A3B738302BCCCF1A00DF7424 /* libpfc-Mac.a */,
			);
			name = Frameworks;
			sourceTree = "<group>";
		};
		A3B7387E2BCE497400DF7424 /* cipher */ = {
			isa = PBXGroup;
			children = (
				A3B738792BCE497400DF7424 /* aes_win32.hpp */,
				A3B738A72BCFA9AA00DF7424 /* aes_win32.cpp */,
				A3B738A82BCFA9AA00DF7424 /* aes_macos.hpp */,
				A3B738AB2BD1B31300DF7424 /* aes_macos.cpp */,
				A3B738AA2BCFDDC800DF7424 /* aes_common.hpp */,
				A3B738A92BCFDDC800DF7424 /* aes_common.cpp */,
				A3B738A52BCFA9AA00DF7424 /* aes.hpp */,
				A3B738772BCE497400DF7424 /* abnormal_RC4.cpp */,
				A3B738782BCE497400DF7424 /* abnormal_RC4.hpp */,
				A3B7387D2BCE497400DF7424 /* exception.hpp */,
				A3B738A62BCFA9AA00DF7424 /* utils.hpp */,
				A3B7387C2BCE497400DF7424 /* cipher.h */,
			);
			path = cipher;
			sourceTree = "<group>";
		};
		A3B738822BCE497400DF7424 /* common */ = {
			isa = PBXGroup;
			children = (
				A3B7387F2BCE497400DF7424 /* consts.hpp */,
				A3B738802BCE497400DF7424 /* helpers.hpp */,
				A3B738812BCE497400DF7424 /* platform.hpp */,
			);
			path = common;
			sourceTree = "<group>";
		};
		A3B738962BCE497400DF7424 /* src */ = {
			isa = PBXGroup;
			children = (
				A3B7387E2BCE497400DF7424 /* cipher */,
				A3B738822BCE497400DF7424 /* common */,
				A3B7388C2BCE497400DF7424 /* album_art_extractor.cpp */,
				A3B7388D2BCE497400DF7424 /* album_art_extractor.hpp */,
				A3B7388F2BCE497400DF7424 /* input_ncm.cpp */,
				A3B738902BCE497400DF7424 /* input_ncm.hpp */,
				A3B738912BCE497400DF7424 /* main.cpp */,
				A3B738922BCE497400DF7424 /* ncm_file.cpp */,
				A3B738932BCE497400DF7424 /* ncm_file.hpp */,
				A3B738942BCE497400DF7424 /* stdafx.cpp */,
				A3B738952BCE497400DF7424 /* stdafx.h */,
			);
			path = src;
			sourceTree = "<group>";
		};
/* End PBXGroup section */

/* Begin PBXNativeTarget section */
		A3B7380B2BCCBC6700DF7424 /* foo_input_ncm */ = {
			isa = PBXNativeTarget;
			buildConfigurationList = A3B738102BCCBC6700DF7424 /* Build configuration list for PBXNativeTarget "foo_input_ncm" */;
			buildPhases = (
				A3B738082BCCBC6700DF7424 /* Sources */,
				A3B738092BCCBC6700DF7424 /* Frameworks */,
				A3B7380A2BCCBC6700DF7424 /* Resources */,
				A3B738B72BD2F32700DF7424 /* CopyFiles */,
			);
			buildRules = (
			);
			dependencies = (
			);
			name = foo_input_ncm;
			productName = foo_input_ncm;
			productReference = A3B7380C2BCCBC6700DF7424 /* foo_input_ncm.component */;
			productType = "com.apple.product-type.bundle";
		};
/* End PBXNativeTarget section */

/* Begin PBXProject section */
		A3B738042BCCBC6700DF7424 /* Project object */ = {
			isa = PBXProject;
			attributes = {
				BuildIndependentTargetsInParallel = 1;
				LastUpgradeCheck = 1530;
				TargetAttributes = {
					A3B7380B2BCCBC6700DF7424 = {
						CreatedOnToolsVersion = 15.3;
					};
				};
			};
			buildConfigurationList = A3B738072BCCBC6700DF7424 /* Build configuration list for PBXProject "foo_input_ncm" */;
			compatibilityVersion = "Xcode 15.3";
			developmentRegion = en;
			hasScannedForEncodings = 0;
			knownRegions = (
				en,
				Base,
			);
			mainGroup = A3B738032BCCBC6700DF7424;
			minimizedProjectReferenceProxies = 1;
			productRefGroup = A3B7380D2BCCBC6700DF7424 /* Products */;
			projectDirPath = "";
			projectRoot = "";
			targets = (
				A3B7380B2BCCBC6700DF7424 /* foo_input_ncm */,
			);
		};
/* End PBXProject section */

/* Begin PBXResourcesBuildPhase section */
		A3B7380A2BCCBC6700DF7424 /* Resources */ = {
			isa = PBXResourcesBuildPhase;
			buildActionMask = 2147483647;
			files = (
			);
			runOnlyForDeploymentPostprocessing = 0;
		};
/* End PBXResourcesBuildPhase section */

/* Begin PBXSourcesBuildPhase section */
		A3B738082BCCBC6700DF7424 /* Sources */ = {
			isa = PBXSourcesBuildPhase;
			buildActionMask = 2147483647;
			files = (
				A3B738B32BD2632D00DF7424 /* aes_macos.cpp in Sources */,
				A3B738B42BD2632D00DF7424 /* aes_common.cpp in Sources */,
				A3B738A32BCE497400DF7424 /* ncm_file.cpp in Sources */,
				A3B738972BCE497400DF7424 /* abnormal_RC4.cpp in Sources */,
				A3B7389F2BCE497400DF7424 /* album_art_extractor.cpp in Sources */,
				A3B738A22BCE497400DF7424 /* main.cpp in Sources */,
				A3B738A42BCE497400DF7424 /* stdafx.cpp in Sources */,
				A3B738A12BCE497400DF7424 /* input_ncm.cpp in Sources */,
			);
			runOnlyForDeploymentPostprocessing = 0;
		};
/* End PBXSourcesBuildPhase section */

/* Begin XCBuildConfiguration section */
		A3B7380E2BCCBC6700DF7424 /* Debug */ = {
			isa = XCBuildConfiguration;
			buildSettings = {
				ALWAYS_SEARCH_USER_PATHS = NO;
				ASSETCATALOG_COMPILER_GENERATE_SWIFT_ASSET_SYMBOL_EXTENSIONS = YES;
				CLANG_ADDRESS_SANITIZER_CONTAINER_OVERFLOW = YES;
				CLANG_ANALYZER_NONNULL = YES;
				CLANG_ANALYZER_NUMBER_OBJECT_CONVERSION = YES_AGGRESSIVE;
				CLANG_CXX_LANGUAGE_STANDARD = "gnu++20";
				CLANG_ENABLE_MODULES = YES;
				CLANG_ENABLE_OBJC_ARC = YES;
				CLANG_ENABLE_OBJC_WEAK = YES;
				CLANG_UNDEFINED_BEHAVIOR_SANITIZER_INTEGER = YES;
				CLANG_UNDEFINED_BEHAVIOR_SANITIZER_NULLABILITY = YES;
				CLANG_WARN_BLOCK_CAPTURE_AUTORELEASING = YES;
				CLANG_WARN_BOOL_CONVERSION = YES;
				CLANG_WARN_COMMA = YES;
				CLANG_WARN_CONSTANT_CONVERSION = YES;
				CLANG_WARN_DEPRECATED_OBJC_IMPLEMENTATIONS = YES;
				CLANG_WARN_DIRECT_OBJC_ISA_USAGE = YES_ERROR;
				CLANG_WARN_DOCUMENTATION_COMMENTS = YES;
				CLANG_WARN_EMPTY_BODY = YES;
				CLANG_WARN_ENUM_CONVERSION = YES;
				CLANG_WARN_INFINITE_RECURSION = YES;
				CLANG_WARN_INT_CONVERSION = YES;
				CLANG_WARN_NON_LITERAL_NULL_CONVERSION = YES;
				CLANG_WARN_OBJC_IMPLICIT_RETAIN_SELF = YES;
				CLANG_WARN_OBJC_LITERAL_CONVERSION = YES;
				CLANG_WARN_OBJC_ROOT_CLASS = YES_ERROR;
				CLANG_WARN_QUOTED_INCLUDE_IN_FRAMEWORK_HEADER = YES;
				CLANG_WARN_RANGE_LOOP_ANALYSIS = YES;
				CLANG_WARN_STRICT_PROTOTYPES = YES;
				CLANG_WARN_SUSPICIOUS_MOVE = YES;
				CLANG_WARN_UNGUARDED_AVAILABILITY = YES_AGGRESSIVE;
				CLANG_WARN_UNREACHABLE_CODE = YES;
				CLANG_WARN__DUPLICATE_METHOD_MATCH = YES;
				COPY_PHASE_STRIP = NO;
				CURRENT_PROJECT_VERSION = 0.3.0;
				DEAD_CODE_STRIPPING = YES;
				DEBUG_INFORMATION_FORMAT = dwarf;
				ENABLE_STRICT_OBJC_MSGSEND = YES;
				ENABLE_TESTABILITY = YES;
				ENABLE_USER_SCRIPT_SANDBOXING = YES;
				FRAMEWORK_SEARCH_PATHS = "";
				GCC_C_LANGUAGE_STANDARD = gnu11;
				GCC_DYNAMIC_NO_PIC = NO;
				GCC_NO_COMMON_BLOCKS = YES;
				GCC_OPTIMIZATION_LEVEL = 0;
				GCC_PRECOMPILE_PREFIX_HEADER = YES;
				GCC_PREFIX_HEADER = stdafx.h;
				GCC_PREPROCESSOR_DEFINITIONS = (
					"DEBUG=1",
					"$(inherited)",
				);
				GCC_WARN_64_TO_32_BIT_CONVERSION = YES;
				GCC_WARN_ABOUT_RETURN_TYPE = YES_ERROR;
				GCC_WARN_UNDECLARED_SELECTOR = YES;
				GCC_WARN_UNINITIALIZED_AUTOS = YES_AGGRESSIVE;
				GCC_WARN_UNUSED_FUNCTION = YES;
				GCC_WARN_UNUSED_VARIABLE = YES;
				HEADER_SEARCH_PATHS = (
					"src/**",
					vendor/,
					vendor/sdk,
					vendor/sdk/foobar2000,
				);
				INCLUDED_RECURSIVE_SEARCH_PATH_SUBDIRECTORIES = src;
				LIBRARY_SEARCH_PATHS = "";
				LOCALIZATION_PREFERS_STRING_CATALOGS = YES;
				MACOSX_DEPLOYMENT_TARGET = 13.3;
				MTL_ENABLE_DEBUG_INFO = INCLUDE_SOURCE;
				MTL_FAST_MATH = YES;
				SDKROOT = macosx;
				STRIP_INSTALLED_PRODUCT = NO;
				VERSIONING_SYSTEM = "apple-generic";
			};
			name = Debug;
		};
		A3B7380F2BCCBC6700DF7424 /* Release */ = {
			isa = XCBuildConfiguration;
			buildSettings = {
				ALWAYS_SEARCH_USER_PATHS = NO;
				ASSETCATALOG_COMPILER_GENERATE_SWIFT_ASSET_SYMBOL_EXTENSIONS = YES;
				CLANG_ANALYZER_NONNULL = YES;
				CLANG_ANALYZER_NUMBER_OBJECT_CONVERSION = YES_AGGRESSIVE;
				CLANG_CXX_LANGUAGE_STANDARD = "gnu++20";
				CLANG_ENABLE_MODULES = YES;
				CLANG_ENABLE_OBJC_ARC = YES;
				CLANG_ENABLE_OBJC_WEAK = YES;
				CLANG_WARN_BLOCK_CAPTURE_AUTORELEASING = YES;
				CLANG_WARN_BOOL_CONVERSION = YES;
				CLANG_WARN_COMMA = YES;
				CLANG_WARN_CONSTANT_CONVERSION = YES;
				CLANG_WARN_DEPRECATED_OBJC_IMPLEMENTATIONS = YES;
				CLANG_WARN_DIRECT_OBJC_ISA_USAGE = YES_ERROR;
				CLANG_WARN_DOCUMENTATION_COMMENTS = YES;
				CLANG_WARN_EMPTY_BODY = YES;
				CLANG_WARN_ENUM_CONVERSION = YES;
				CLANG_WARN_INFINITE_RECURSION = YES;
				CLANG_WARN_INT_CONVERSION = YES;
				CLANG_WARN_NON_LITERAL_NULL_CONVERSION = YES;
				CLANG_WARN_OBJC_IMPLICIT_RETAIN_SELF = YES;
				CLANG_WARN_OBJC_LITERAL_CONVERSION = YES;
				CLANG_WARN_OBJC_ROOT_CLASS = YES_ERROR;
				CLANG_WARN_QUOTED_INCLUDE_IN_FRAMEWORK_HEADER = YES;
				CLANG_WARN_RANGE_LOOP_ANALYSIS = YES;
				CLANG_WARN_STRICT_PROTOTYPES = YES;
				CLANG_WARN_SUSPICIOUS_MOVE = YES;
				CLANG_WARN_UNGUARDED_AVAILABILITY = YES_AGGRESSIVE;
				CLANG_WARN_UNREACHABLE_CODE = YES;
				CLANG_WARN__DUPLICATE_METHOD_MATCH = YES;
				COPY_PHASE_STRIP = YES;
				CURRENT_PROJECT_VERSION = 0.3.0;
				DEAD_CODE_STRIPPING = YES;
				DEBUG_INFORMATION_FORMAT = "dwarf-with-dsym";
				ENABLE_NS_ASSERTIONS = NO;
				ENABLE_STRICT_OBJC_MSGSEND = YES;
				ENABLE_USER_SCRIPT_SANDBOXING = YES;
				FRAMEWORK_SEARCH_PATHS = "";
				GCC_C_LANGUAGE_STANDARD = gnu11;
				GCC_NO_COMMON_BLOCKS = YES;
				GCC_PRECOMPILE_PREFIX_HEADER = YES;
				GCC_PREFIX_HEADER = stdafx.h;
				GCC_WARN_64_TO_32_BIT_CONVERSION = YES;
				GCC_WARN_ABOUT_RETURN_TYPE = YES_ERROR;
				GCC_WARN_UNDECLARED_SELECTOR = YES;
				GCC_WARN_UNINITIALIZED_AUTOS = YES_AGGRESSIVE;
				GCC_WARN_UNUSED_FUNCTION = YES;
				GCC_WARN_UNUSED_VARIABLE = YES;
				HEADER_SEARCH_PATHS = (
					"src/**",
					vendor/,
					vendor/sdk,
					vendor/sdk/foobar2000,
				);
				INCLUDED_RECURSIVE_SEARCH_PATH_SUBDIRECTORIES = src;
				LIBRARY_SEARCH_PATHS = "";
				LOCALIZATION_PREFERS_STRING_CATALOGS = YES;
				MACOSX_DEPLOYMENT_TARGET = 13.3;
				MTL_ENABLE_DEBUG_INFO = NO;
				MTL_FAST_MATH = YES;
				ONLY_ACTIVE_ARCH = NO;
				SDKROOT = macosx;
				VERSIONING_SYSTEM = "apple-generic";
			};
			name = Release;
		};
		A3B738112BCCBC6700DF7424 /* Debug */ = {
			isa = XCBuildConfiguration;
			buildSettings = {
				"CODE_SIGN_IDENTITY[sdk=macosx*]" = "-";
				CODE_SIGN_STYLE = Automatic;
				COMBINE_HIDPI_IMAGES = YES;
				CURRENT_PROJECT_VERSION = 1;
				DEVELOPMENT_TEAM = "";
				FRAMEWORK_SEARCH_PATHS = "";
				GCC_PREFIX_HEADER = src/stdafx.h;
				GENERATE_INFOPLIST_FILE = YES;
				INFOPLIST_KEY_NSHumanReadableCopyright = "";
				INFOPLIST_KEY_NSPrincipalClass = "";
				INSTALL_PATH = "$(LOCAL_LIBRARY_DIR)/Bundles";
				MACOSX_DEPLOYMENT_TARGET = 13.3;
				MARKETING_VERSION = 0.3.0;
				PRODUCT_BUNDLE_IDENTIFIER = "pnck.foo-input-ncm";
				PRODUCT_NAME = "$(TARGET_NAME)";
				SKIP_INSTALL = YES;
				STRINGS_FILE_OUTPUT_ENCODING = "UTF-8";
				SWIFT_EMIT_LOC_STRINGS = YES;
				WRAPPER_EXTENSION = component;
			};
			name = Debug;
		};
		A3B738122BCCBC6700DF7424 /* Release */ = {
			isa = XCBuildConfiguration;
			buildSettings = {
				"CODE_SIGN_IDENTITY[sdk=macosx*]" = "-";
				CODE_SIGN_STYLE = Automatic;
				COMBINE_HIDPI_IMAGES = YES;
				CURRENT_PROJECT_VERSION = 1;
				DEVELOPMENT_TEAM = "";
				FRAMEWORK_SEARCH_PATHS = "";
				GCC_PREFIX_HEADER = src/stdafx.h;
				GCC_PREPROCESSOR_DEFINITIONS = "NDEBUG=1";
				GENERATE_INFOPLIST_FILE = YES;
				INFOPLIST_KEY_NSHumanReadableCopyright = "";
				INFOPLIST_KEY_NSPrincipalClass = "";
				INSTALL_PATH = "$(LOCAL_LIBRARY_DIR)/Bundles";
				MACOSX_DEPLOYMENT_TARGET = 13.3;
				MARKETING_VERSION = 0.3.0;
				ONLY_ACTIVE_ARCH = NO;
				PRODUCT_BUNDLE_IDENTIFIER = "pnck.foo-input-ncm";
				PRODUCT_NAME = "$(TARGET_NAME)";
				SKIP_INSTALL = YES;
				STRINGS_FILE_OUTPUT_ENCODING = "UTF-8";
				SWIFT_EMIT_LOC_STRINGS = YES;
				WRAPPER_EXTENSION = component;
			};
			name = Release;
		};
/* End XCBuildConfiguration section */

/* Begin XCConfigurationList section */
		A3B738072BCCBC6700DF7424 /* Build configuration list for PBXProject "foo_input_ncm" */ = {
			isa = XCConfigurationList;
			buildConfigurations = (
				A3B7380E2BCCBC6700DF7424 /* Debug */,
				A3B7380F2BCCBC6700DF7424 /* Release */,
			);
			defaultConfigurationIsVisible = 0;
			defaultConfigurationName = Release;
		};
		A3B738102BCCBC6700DF7424 /* Build configuration list for PBXNativeTarget "foo_input_ncm" */ = {
			isa = XCConfigurationList;
			buildConfigurations = (
				A3B738112BCCBC6700DF7424 /* Debug */,
				A3B738122BCCBC6700DF7424 /* Release */,
			);
			defaultConfigurationIsVisible = 0;
			defaultConfigurationName = Release;
		};
/* End XCConfigurationList section */
	};
	rootObject = A3B738042BCCBC6700DF7424 /* Project object */;
}
